
Microsoft Visual Studio Solution File, Format Version 12.00
# Visual Studio Version 17
VisualStudioVersion = 17.10.34928.147
MinimumVisualStudioVersion = 10.0.40219.1
Project("{2150E333-8FDC-42A3-9474-1A3956D46DE8}") = "FrontEnd", "FrontEnd", "{9443C4FC-1ED1-492D-A1E0-3FEC395E227F}"
EndProject
Project("{2150E333-8FDC-42A3-9474-1A3956D46DE8}") = "Gateway", "Gateway", "{1FC51B3B-9816-4971-835D-9926D662BB41}"
EndProject
Project("{2150E333-8FDC-42A3-9474-1A3956D46DE8}") = "Integration", "Integration", "{2F33C310-5E54-4A2B-ACE6-82476B7F0074}"
EndProject
Project("{2150E333-8FDC-42A3-9474-1A3956D46DE8}") = "Services", "Services", "{5BD729C2-FE60-4A01-8104-C5E6BBC76657}"
EndProject
Project("{9A19103F-16F7-4668-BE54-9A1E7A4F7556}") = "ECommerseWebApp.Services.CouponAPI", "ECommerseWebApp.Services.CouponAPI\ECommerseWebApp.Services.CouponAPI.csproj", "{454988AD-D8A7-47F7-9434-7E25687F03F8}"
EndProject
Project("{9A19103F-16F7-4668-BE54-9A1E7A4F7556}") = "ECommerseWebApp.Web", "ECommerseWebApp.Web\ECommerseWebApp.Web.csproj", "{CBA23BEB-B364-413F-BA5A-59C4F427D62E}"
EndProject
Project("{FAE04EC0-301F-11D3-BF4B-00C04F79EFBC}") = "ECommerseWebApp.Services.AuthAPI", "ECommerseWebApp.Services.AuthAPI\ECommerseWebApp.Services.AuthAPI.csproj", "{59316383-0A7A-4B7B-974A-398C5E995D1A}"
EndProject
Global
	GlobalSection(SolutionConfigurationPlatforms) = preSolution
		Debug|Any CPU = Debug|Any CPU
		Release|Any CPU = Release|Any CPU
	EndGlobalSection
	GlobalSection(ProjectConfigurationPlatforms) = postSolution
		{454988AD-D8A7-47F7-9434-7E25687F03F8}.Debug|Any CPU.ActiveCfg = Debug|Any CPU
		{454988AD-D8A7-47F7-9434-7E25687F03F8}.Debug|Any CPU.Build.0 = Debug|Any CPU
		{454988AD-D8A7-47F7-9434-7E25687F03F8}.Release|Any CPU.ActiveCfg = Release|Any CPU
		{454988AD-D8A7-47F7-9434-7E25687F03F8}.Release|Any CPU.Build.0 = Release|Any CPU
		{CBA23BEB-B364-413F-BA5A-59C4F427D62E}.Debug|Any CPU.ActiveCfg = Debug|Any CPU
		{CBA23BEB-B364-413F-BA5A-59C4F427D62E}.Debug|Any CPU.Build.0 = Debug|Any CPU
		{CBA23BEB-B364-413F-BA5A-59C4F427D62E}.Release|Any CPU.ActiveCfg = Release|Any CPU
		{CBA23BEB-B364-413F-BA5A-59C4F427D62E}.Release|Any CPU.Build.0 = Release|Any CPU
		{59316383-0A7A-4B7B-974A-398C5E995D1A}.Debug|Any CPU.ActiveCfg = Debug|Any CPU
		{59316383-0A7A-4B7B-974A-398C5E995D1A}.Debug|Any CPU.Build.0 = Debug|Any CPU
		{59316383-0A7A-4B7B-974A-398C5E995D1A}.Release|Any CPU.ActiveCfg = Release|Any CPU
		{59316383-0A7A-4B7B-974A-398C5E995D1A}.Release|Any CPU.Build.0 = Release|Any CPU
	EndGlobalSection
	GlobalSection(SolutionProperties) = preSolution
		HideSolutionNode = FALSE
	EndGlobalSection
	GlobalSection(NestedProjects) = preSolution
		{454988AD-D8A7-47F7-9434-7E25687F03F8} = {5BD729C2-FE60-4A01-8104-C5E6BBC76657}
		{CBA23BEB-B364-413F-BA5A-59C4F427D62E} = {9443C4FC-1ED1-492D-A1E0-3FEC395E227F}
		{59316383-0A7A-4B7B-974A-398C5E995D1A} = {5BD729C2-FE60-4A01-8104-C5E6BBC76657}
	EndGlobalSection
	GlobalSection(ExtensibilityGlobals) = postSolution
		SolutionGuid = {93E6BE27-2FDE-4B3C-9DE8-3A9F74AF6691}
	EndGlobalSection
EndGlobal
